// !$*UTF8*$!
{
	archiveVersion = 1;
	classes = {
	};
	objectVersion = 56;
	objects = {

/* Begin PBXBuildFile section */
		CC00000000000000000000A1 /* VirtualListDemoApp.swift in Sources */ = {isa = PBXBuildFile; fileRef = CC00000000000000000000A0 /* VirtualListDemoApp.swift */; };
		CC00000000000000000000CC /* ListComparisonExample.swift in Sources */ = {isa = PBXBuildFile; fileRef = CC00000000000000000000BC /* ListComparisonExample.swift */; };
		CC00000000000000000000C0 /* DropInListExample.swift in Sources */ = {isa = PBXBuildFile; fileRef = CC00000000000000000000B0 /* DropInListExample.swift */; };
		CC00000000000000000000C1 /* EnvironmentExample.swift in Sources */ = {isa = PBXBuildFile; fileRef = CC00000000000000000000B1 /* EnvironmentExample.swift */; };
		CC00000000000000000000C2 /* ExamplesGallery.swift in Sources */ = {isa = PBXBuildFile; fileRef = CC00000000000000000000B2 /* ExamplesGallery.swift */; };
		CC00000000000000000000C3 /* FocusExample.swift in Sources */ = {isa = PBXBuildFile; fileRef = CC00000000000000000000B3 /* FocusExample.swift */; };
		CC00000000000000000000C4 /* GridExample.swift in Sources */ = {isa = PBXBuildFile; fileRef = CC00000000000000000000B4 /* GridExample.swift */; };
		CC00000000000000000000C5 /* HugeListExample.swift in Sources */ = {isa = PBXBuildFile; fileRef = CC00000000000000000000B5 /* HugeListExample.swift */; };
		CC00000000000000000000C6 /* RefreshExample.swift in Sources */ = {isa = PBXBuildFile; fileRef = CC00000000000000000000B6 /* RefreshExample.swift */; };
		CC00000000000000000000C7 /* ReorderExample.swift in Sources */ = {isa = PBXBuildFile; fileRef = CC00000000000000000000B7 /* ReorderExample.swift */; };
		CC00000000000000000000C8 /* SectionedExample.swift in Sources */ = {isa = PBXBuildFile; fileRef = CC00000000000000000000B8 /* SectionedExample.swift */; };
		CC00000000000000000000C9 /* SelectionExample.swift in Sources */ = {isa = PBXBuildFile; fileRef = CC00000000000000000000B9 /* SelectionExample.swift */; };
		CC00000000000000000000CA /* SwipeActionsExample.swift in Sources */ = {isa = PBXBuildFile; fileRef = CC00000000000000000000BA /* SwipeActionsExample.swift */; };
		CC00000000000000000000CD /* MatchedGeometryExample.swift in Sources */ = {isa = PBXBuildFile; fileRef = CC00000000000000000000BD /* MatchedGeometryExample.swift */; };
		EE00000000000000000000A3 /* VirtualList in Frameworks */ = {isa = PBXBuildFile; productRef = EE00000000000000000000A1 /* VirtualList */; };
/* End PBXBuildFile section */

/* Begin PBXFileReference section */
		CC00000000000000000000A0 /* VirtualListDemoApp.swift */ = {isa = PBXFileReference; lastKnownFileType = sourcecode.swift; path = VirtualListDemoApp.swift; sourceTree = "<group>"; };
		CC00000000000000000000A2 /* VirtualListDemo.app */ = {isa = PBXFileReference; explicitFileType = wrapper.application; includeInIndex = 0; path = VirtualListDemo.app; sourceTree = BUILT_PRODUCTS_DIR; };
		CC00000000000000000000BC /* ListComparisonExample.swift */ = {isa = PBXFileReference; lastKnownFileType = sourcecode.swift; path = ListComparisonExample.swift; sourceTree = "<group>"; };
		CC00000000000000000000B0 /* DropInListExample.swift */ = {isa = PBXFileReference; lastKnownFileType = sourcecode.swift; path = DropInListExample.swift; sourceTree = "<group>"; };
		CC00000000000000000000B1 /* EnvironmentExample.swift */ = {isa = PBXFileReference; lastKnownFileType = sourcecode.swift; path = EnvironmentExample.swift; sourceTree = "<group>"; };
		CC00000000000000000000B2 /* ExamplesGallery.swift */ = {isa = PBXFileReference; lastKnownFileType = sourcecode.swift; path = ExamplesGallery.swift; sourceTree = "<group>"; };
		CC00000000000000000000B3 /* FocusExample.swift */ = {isa = PBXFileReference; lastKnownFileType = sourcecode.swift; path = FocusExample.swift; sourceTree = "<group>"; };
		CC00000000000000000000B4 /* GridExample.swift */ = {isa = PBXFileReference; lastKnownFileType = sourcecode.swift; path = GridExample.swift; sourceTree = "<group>"; };
		CC00000000000000000000B5 /* HugeListExample.swift */ = {isa = PBXFileReference; lastKnownFileType = sourcecode.swift; path = HugeListExample.swift; sourceTree = "<group>"; };
		CC00000000000000000000B6 /* RefreshExample.swift */ = {isa = PBXFileReference; lastKnownFileType = sourcecode.swift; path = RefreshExample.swift; sourceTree = "<group>"; };
		CC00000000000000000000B7 /* ReorderExample.swift */ = {isa = PBXFileReference; lastKnownFileType = sourcecode.swift; path = ReorderExample.swift; sourceTree = "<group>"; };
		CC00000000000000000000B8 /* SectionedExample.swift */ = {isa = PBXFileReference; lastKnownFileType = sourcecode.swift; path = SectionedExample.swift; sourceTree = "<group>"; };
		CC00000000000000000000B9 /* SelectionExample.swift */ = {isa = PBXFileReference; lastKnownFileType = sourcecode.swift; path = SelectionExample.swift; sourceTree = "<group>"; };
		CC00000000000000000000BA /* SwipeActionsExample.swift */ = {isa = PBXFileReference; lastKnownFileType = sourcecode.swift; path = SwipeActionsExample.swift; sourceTree = "<group>"; };
		CC00000000000000000000BD /* MatchedGeometryExample.swift */ = {isa = PBXFileReference; lastKnownFileType = sourcecode.swift; path = MatchedGeometryExample.swift; sourceTree = "<group>"; };
/* End PBXFileReference section */

/* Begin PBXFrameworksBuildPhase section */
		BB00000000000000000000A5 /* Frameworks */ = {
			isa = PBXFrameworksBuildPhase;
			buildActionMask = 2147483647;
			files = (
				EE00000000000000000000A3 /* VirtualList in Frameworks */,
			);
			runOnlyForDeploymentPostprocessing = 0;
		};
/* End PBXFrameworksBuildPhase section */

/* Begin PBXGroup section */
		DD00000000000000000000A0 = {
			isa = PBXGroup;
			children = (
				DD00000000000000000000A1 /* VirtualListDemo */,
				DD00000000000000000000A2 /* Products */,
			);
			sourceTree = "<group>";
		};
		DD00000000000000000000A1 /* VirtualListDemo */ = {
			isa = PBXGroup;
			children = (
				CC00000000000000000000A0 /* VirtualListDemoApp.swift */,
				DD00000000000000000000B0 /* Examples */,
			);
			path = VirtualListDemo;
			sourceTree = "<group>";
		};
		DD00000000000000000000A2 /* Products */ = {
			isa = PBXGroup;
			children = (
				CC00000000000000000000A2 /* VirtualListDemo.app */,
			);
			name = Products;
			sourceTree = "<group>";
		};
		DD00000000000000000000B0 /* Examples */ = {
			isa = PBXGroup;
			children = (
				CC00000000000000000000B2 /* ExamplesGallery.swift */,
				CC00000000000000000000B5 /* HugeListExample.swift */,
				CC00000000000000000000B0 /* DropInListExample.swift */,
				CC00000000000000000000B8 /* SectionedExample.swift */,
				CC00000000000000000000B9 /* SelectionExample.swift */,
				CC00000000000000000000BA /* SwipeActionsExample.swift */,
				CC00000000000000000000B7 /* ReorderExample.swift */,
				CC00000000000000000000B6 /* RefreshExample.swift */,
				CC00000000000000000000B4 /* GridExample.swift */,
				CC00000000000000000000B3 /* FocusExample.swift */,
				CC00000000000000000000B1 /* EnvironmentExample.swift */,
				CC00000000000000000000BD /* MatchedGeometryExample.swift */,
				CC00000000000000000000BC /* ListComparisonExample.swift */,
			);
			path = Examples;
			sourceTree = "<group>";
		};
/* End PBXGroup section */

/* Begin PBXNativeTarget section */
		BB00000000000000000000A0 /* VirtualListDemo */ = {
			isa = PBXNativeTarget;
			buildConfigurationList = BB00000000000000000000A1 /* Build configuration list for PBXNativeTarget "VirtualListDemo" */;
			buildPhases = (
				BB00000000000000000000A4 /* Sources */,
				BB00000000000000000000A5 /* Frameworks */,
				BB00000000000000000000A6 /* Resources */,
			);
			buildRules = (
			);
			dependencies = (
			);
			name = VirtualListDemo;
			packageProductDependencies = (
				EE00000000000000000000A1 /* VirtualList */,
			);
			productName = VirtualListDemo;
			productReference = CC00000000000000000000A2 /* VirtualListDemo.app */;
			productType = "com.apple.product-type.application";
		};
/* End PBXNativeTarget section */

/* Begin PBXProject section */
		AA00000000000000000000A0 /* Project object */ = {
			isa = PBXProject;
			attributes = {
				BuildIndependentTargetsInParallel = 1;
				LastSwiftUpdateCheck = 1600;
				LastUpgradeCheck = 1600;
				TargetAttributes = {
					BB00000000000000000000A0 = {
						CreatedOnToolsVersion = 16.0;
					};
				};
			};
			buildConfigurationList = AA00000000000000000000A1 /* Build configuration list for PBXProject "VirtualListDemo" */;
			compatibilityVersion = "Xcode 14.0";
			developmentRegion = en;
			hasScannedForEncodings = 0;
			knownRegions = (
				en,
				Base,
			);
			mainGroup = DD00000000000000000000A0;
			packageReferences = (
				EE00000000000000000000A0 /* XCLocalSwiftPackageReference "../.." */,
			);
			productRefGroup = DD00000000000000000000A2 /* Products */;
			projectDirPath = "";
			projectRoot = "";
			targets = (
				BB00000000000000000000A0 /* VirtualListDemo */,
			);
		};
/* End PBXProject section */

/* Begin PBXResourcesBuildPhase section */
		BB00000000000000000000A6 /* Resources */ = {
			isa = PBXResourcesBuildPhase;
			buildActionMask = 2147483647;
			files = (
			);
			runOnlyForDeploymentPostprocessing = 0;
		};
/* End PBXResourcesBuildPhase section */

/* Begin PBXSourcesBuildPhase section */
		BB00000000000000000000A4 /* Sources */ = {
			isa = PBXSourcesBuildPhase;
			buildActionMask = 2147483647;
			files = (
				CC00000000000000000000A1 /* VirtualListDemoApp.swift in Sources */,
				CC00000000000000000000C2 /* ExamplesGallery.swift in Sources */,
				CC00000000000000000000C5 /* HugeListExample.swift in Sources */,
				CC00000000000000000000C0 /* DropInListExample.swift in Sources */,
				CC00000000000000000000C8 /* SectionedExample.swift in Sources */,
				CC00000000000000000000C9 /* SelectionExample.swift in Sources */,
				CC00000000000000000000CA /* SwipeActionsExample.swift in Sources */,
				CC00000000000000000000C7 /* ReorderExample.swift in Sources */,
				CC00000000000000000000C6 /* RefreshExample.swift in Sources */,
				CC00000000000000000000C4 /* GridExample.swift in Sources */,
				CC00000000000000000000C3 /* FocusExample.swift in Sources */,
				CC00000000000000000000C1 /* EnvironmentExample.swift in Sources */,
				CC00000000000000000000CD /* MatchedGeometryExample.swift in Sources */,
				CC00000000000000000000CC /* ListComparisonExample.swift in Sources */,
			);
			runOnlyForDeploymentPostprocessing = 0;
		};
/* End PBXSourcesBuildPhase section */

/* Begin XCBuildConfiguration section */
		AA00000000000000000000A2 /* Debug */ = {
			isa = XCBuildConfiguration;
			buildSettings = {
				ALWAYS_SEARCH_USER_PATHS = NO;
				ASSETCATALOG_COMPILER_GENERATE_SWIFT_ASSET_SYMBOL_EXTENSIONS = YES;
				CLANG_ANALYZER_NONNULL = YES;
				CLANG_ANALYZER_NUMBER_OBJECT_CONVERSION = YES_AGGRESSIVE;
				CLANG_CXX_LANGUAGE_STANDARD = "gnu++20";
				CLANG_ENABLE_MODULES = YES;
				CLANG_ENABLE_OBJC_ARC = YES;
				CLANG_ENABLE_OBJC_WEAK = YES;
				CLANG_WARN_BLOCK_CAPTURE_AUTORELEASING = YES;
				CLANG_WARN_BOOL_CONVERSION = YES;
				CLANG_WARN_COMMA = YES;
				CLANG_WARN_CONSTANT_CONVERSION = YES;
				CLANG_WARN_DEPRECATED_OBJC_IMPLEMENTATIONS = YES;
				CLANG_WARN_DIRECT_OBJC_ISA_USAGE = YES_ERROR;
				CLANG_WARN_DOCUMENTATION_COMMENTS = YES;
				CLANG_WARN_EMPTY_BODY = YES;
				CLANG_WARN_ENUM_CONVERSION = YES;
				CLANG_WARN_INFINITE_RECURSION = YES;
				CLANG_WARN_INT_CONVERSION = YES;
				CLANG_WARN_NON_LITERAL_NULL_CONVERSION = YES;
				CLANG_WARN_OBJC_IMPLICIT_RETAIN_SELF = YES;
				CLANG_WARN_OBJC_LITERAL_CONVERSION = YES;
				CLANG_WARN_OBJC_ROOT_CLASS = YES_ERROR;
				CLANG_WARN_RANGE_LOOP_ANALYSIS = YES;
				CLANG_WARN_STRICT_PROTOTYPES = YES;
				CLANG_WARN_SUSPICIOUS_MOVE = YES;
				CLANG_WARN_UNGUARDED_AVAILABILITY = YES_AGGRESSIVE;
				CLANG_WARN_UNREACHABLE_CODE = YES;
				CLANG_WARN__DUPLICATE_METHOD_MATCH = YES;
				COPY_PHASE_STRIP = NO;
				DEBUG_INFORMATION_FORMAT = dwarf;
				ENABLE_STRICT_OBJC_MSGSEND = YES;
				ENABLE_TESTABILITY = YES;
				ENABLE_USER_SCRIPT_SANDBOXING = YES;
				GCC_C_LANGUAGE_STANDARD = gnu17;
				GCC_DYNAMIC_NO_PIC = NO;
				GCC_NO_COMMON_BLOCKS = YES;
				GCC_OPTIMIZATION_LEVEL = 0;
				GCC_PREPROCESSOR_DEFINITIONS = (
					"DEBUG=1",
					"$(inherited)",
				);
				GCC_WARN_64_TO_32_BIT_CONVERSION = YES;
				GCC_WARN_ABOUT_RETURN_TYPE = YES_ERROR;
				GCC_WARN_UNDECLARED_SELECTOR = YES;
				GCC_WARN_UNINITIALIZED_AUTOS = YES_AGGRESSIVE;
				GCC_WARN_UNUSED_FUNCTION = YES;
				GCC_WARN_UNUSED_VARIABLE = YES;
				IPHONEOS_DEPLOYMENT_TARGET = 17.0;
				LOCALIZATION_PREFERS_STRING_CATALOGS = YES;
				MACOSX_DEPLOYMENT_TARGET = 14.0;
				MTL_ENABLE_DEBUG_INFO = INCLUDE_SOURCE;
				MTL_FAST_MATH = YES;
				ONLY_ACTIVE_ARCH = YES;
				SDKROOT = auto;
				SUPPORTED_PLATFORMS = "iphoneos iphonesimulator macosx";
				SWIFT_ACTIVE_COMPILATION_CONDITIONS = "DEBUG $(inherited)";
				SWIFT_OPTIMIZATION_LEVEL = "-Onone";
			};
			name = Debug;
		};
		AA00000000000000000000A3 /* Release */ = {
			isa = XCBuildConfiguration;
			buildSettings = {
				ALWAYS_SEARCH_USER_PATHS = NO;
				ASSETCATALOG_COMPILER_GENERATE_SWIFT_ASSET_SYMBOL_EXTENSIONS = YES;
				CLANG_ANALYZER_NONNULL = YES;
				CLANG_ANALYZER_NUMBER_OBJECT_CONVERSION = YES_AGGRESSIVE;
				CLANG_CXX_LANGUAGE_STANDARD = "gnu++20";
				CLANG_ENABLE_MODULES = YES;
				CLANG_ENABLE_OBJC_ARC = YES;
				CLANG_ENABLE_OBJC_WEAK = YES;
				CLANG_WARN_BLOCK_CAPTURE_AUTORELEASING = YES;
				CLANG_WARN_BOOL_CONVERSION = YES;
				CLANG_WARN_COMMA = YES;
				CLANG_WARN_CONSTANT_CONVERSION = YES;
				CLANG_WARN_DEPRECATED_OBJC_IMPLEMENTATIONS = YES;
				CLANG_WARN_DIRECT_OBJC_ISA_USAGE = YES_ERROR;
				CLANG_WARN_DOCUMENTATION_COMMENTS = YES;
				CLANG_WARN_EMPTY_BODY = YES;
				CLANG_WARN_ENUM_CONVERSION = YES;
				CLANG_WARN_INFINITE_RECURSION = YES;
				CLANG_WARN_INT_CONVERSION = YES;
				CLANG_WARN_NON_LITERAL_NULL_CONVERSION = YES;
				CLANG_WARN_OBJC_IMPLICIT_RETAIN_SELF = YES;
				CLANG_WARN_OBJC_LITERAL_CONVERSION = YES;
				CLANG_WARN_OBJC_ROOT_CLASS = YES_ERROR;
				CLANG_WARN_RANGE_LOOP_ANALYSIS = YES;
				CLANG_WARN_STRICT_PROTOTYPES = YES;
				CLANG_WARN_SUSPICIOUS_MOVE = YES;
				CLANG_WARN_UNGUARDED_AVAILABILITY = YES_AGGRESSIVE;
				CLANG_WARN_UNREACHABLE_CODE = YES;
				CLANG_WARN__DUPLICATE_METHOD_MATCH = YES;
				COPY_PHASE_STRIP = NO;
				DEBUG_INFORMATION_FORMAT = "dwarf-with-dsym";
				ENABLE_NS_ASSERTIONS = NO;
				ENABLE_STRICT_OBJC_MSGSEND = YES;
				ENABLE_USER_SCRIPT_SANDBOXING = YES;
				GCC_C_LANGUAGE_STANDARD = gnu17;
				GCC_NO_COMMON_BLOCKS = YES;
				GCC_WARN_64_TO_32_BIT_CONVERSION = YES;
				GCC_WARN_ABOUT_RETURN_TYPE = YES_ERROR;
				GCC_WARN_UNDECLARED_SELECTOR = YES;
				GCC_WARN_UNINITIALIZED_AUTOS = YES_AGGRESSIVE;
				GCC_WARN_UNUSED_FUNCTION = YES;
				GCC_WARN_UNUSED_VARIABLE = YES;
				IPHONEOS_DEPLOYMENT_TARGET = 17.0;
				LOCALIZATION_PREFERS_STRING_CATALOGS = YES;
				MACOSX_DEPLOYMENT_TARGET = 14.0;
				MTL_ENABLE_DEBUG_INFO = NO;
				MTL_FAST_MATH = YES;
				SDKROOT = auto;
				SUPPORTED_PLATFORMS = "iphoneos iphonesimulator macosx";
				SWIFT_COMPILATION_MODE = wholemodule;
				VALIDATE_PRODUCT = YES;
			};
			name = Release;
		};
		BB00000000000000000000A2 /* Debug */ = {
			isa = XCBuildConfiguration;
			buildSettings = {
				ASSETCATALOG_COMPILER_GLOBAL_ACCENT_COLOR_NAME = AccentColor;
				CODE_SIGN_STYLE = Automatic;
				CURRENT_PROJECT_VERSION = 1;
				DEVELOPMENT_TEAM = "";
				ENABLE_PREVIEWS = YES;
				GENERATE_INFOPLIST_FILE = YES;
				INFOPLIST_KEY_UIApplicationSceneManifest_Generation = YES;
				INFOPLIST_KEY_UIApplicationSupportsIndirectInputEvents = YES;
				INFOPLIST_KEY_UILaunchScreen_Generation = YES;
				INFOPLIST_KEY_UISupportedInterfaceOrientations_iPad = "UIInterfaceOrientationPortrait UIInterfaceOrientationPortraitUpsideDown UIInterfaceOrientationLandscapeLeft UIInterfaceOrientationLandscapeRight";
				INFOPLIST_KEY_UISupportedInterfaceOrientations_iPhone = "UIInterfaceOrientationPortrait UIInterfaceOrientationLandscapeLeft UIInterfaceOrientationLandscapeRight";
				IPHONEOS_DEPLOYMENT_TARGET = 17.0;
				MACOSX_DEPLOYMENT_TARGET = 14.0;
				"LD_RUNPATH_SEARCH_PATHS[sdk=iphoneos*]" = (
					"$(inherited)",
					"@executable_path/Frameworks",
				);
				"LD_RUNPATH_SEARCH_PATHS[sdk=iphonesimulator*]" = (
					"$(inherited)",
					"@executable_path/Frameworks",
				);
				"LD_RUNPATH_SEARCH_PATHS[sdk=macosx*]" = (
					"$(inherited)",
					"@executable_path/../Frameworks",
				);
				MARKETING_VERSION = 1.0;
				PRODUCT_BUNDLE_IDENTIFIER = com.example.VirtualListDemo;
				PRODUCT_NAME = "$(TARGET_NAME)";
				SWIFT_EMIT_LOC_STRINGS = YES;
				SWIFT_VERSION = 5.0;
				TARGETED_DEVICE_FAMILY = "1,2";
			};
			name = Debug;
		};
		BB00000000000000000000A3 /* Release */ = {
			isa = XCBuildConfiguration;
			buildSettings = {
				ASSETCATALOG_COMPILER_GLOBAL_ACCENT_COLOR_NAME = AccentColor;
				CODE_SIGN_STYLE = Automatic;
				CURRENT_PROJECT_VERSION = 1;
				DEVELOPMENT_TEAM = "";
				ENABLE_PREVIEWS = YES;
				GENERATE_INFOPLIST_FILE = YES;
				INFOPLIST_KEY_UIApplicationSceneManifest_Generation = YES;
				INFOPLIST_KEY_UIApplicationSupportsIndirectInputEvents = YES;
				INFOPLIST_KEY_UILaunchScreen_Generation = YES;
				INFOPLIST_KEY_UISupportedInterfaceOrientations_iPad = "UIInterfaceOrientationPortrait UIInterfaceOrientationPortraitUpsideDown UIInterfaceOrientationLandscapeLeft UIInterfaceOrientationLandscapeRight";
				INFOPLIST_KEY_UISupportedInterfaceOrientations_iPhone = "UIInterfaceOrientationPortrait UIInterfaceOrientationLandscapeLeft UIInterfaceOrientationLandscapeRight";
				IPHONEOS_DEPLOYMENT_TARGET = 17.0;
				MACOSX_DEPLOYMENT_TARGET = 14.0;
				"LD_RUNPATH_SEARCH_PATHS[sdk=iphoneos*]" = (
					"$(inherited)",
					"@executable_path/Frameworks",
				);
				"LD_RUNPATH_SEARCH_PATHS[sdk=iphonesimulator*]" = (
					"$(inherited)",
					"@executable_path/Frameworks",
				);
				"LD_RUNPATH_SEARCH_PATHS[sdk=macosx*]" = (
					"$(inherited)",
					"@executable_path/../Frameworks",
				);
				MARKETING_VERSION = 1.0;
				PRODUCT_BUNDLE_IDENTIFIER = com.example.VirtualListDemo;
				PRODUCT_NAME = "$(TARGET_NAME)";
				SWIFT_EMIT_LOC_STRINGS = YES;
				SWIFT_VERSION = 5.0;
				TARGETED_DEVICE_FAMILY = "1,2";
			};
			name = Release;
		};
/* End XCBuildConfiguration section */

/* Begin XCConfigurationList section */
		AA00000000000000000000A1 /* Build configuration list for PBXProject "VirtualListDemo" */ = {
			isa = XCConfigurationList;
			buildConfigurations = (
				AA00000000000000000000A2 /* Debug */,
				AA00000000000000000000A3 /* Release */,
			);
			defaultConfigurationIsVisible = 0;
			defaultConfigurationName = Release;
		};
		BB00000000000000000000A1 /* Build configuration list for PBXNativeTarget "VirtualListDemo" */ = {
			isa = XCConfigurationList;
			buildConfigurations = (
				BB00000000000000000000A2 /* Debug */,
				BB00000000000000000000A3 /* Release */,
			);
			defaultConfigurationIsVisible = 0;
			defaultConfigurationName = Release;
		};
/* End XCConfigurationList section */

/* Begin XCLocalSwiftPackageReference section */
		EE00000000000000000000A0 /* XCLocalSwiftPackageReference "../.." */ = {
			isa = XCLocalSwiftPackageReference;
			relativePath = "../..";
		};
/* End XCLocalSwiftPackageReference section */

/* Begin XCSwiftPackageProductDependency section */
		EE00000000000000000000A1 /* VirtualList */ = {
			isa = XCSwiftPackageProductDependency;
			productName = VirtualList;
		};
/* End XCSwiftPackageProductDependency section */
	};
	rootObject = AA00000000000000000000A0 /* Project object */;
}
